
Microsoft Visual Studio Solution File, Format Version 12.00
# Visual Studio 2017
Project("{FAE04EC0-301F-11D3-BF4B-00C04F79EFBC}") = "TankProj", "TankProj.csproj", "{9FB18EDF-43E1-C041-AE11-041F951D5B73}"
EndProject
Project("{FAE04EC0-301F-11D3-BF4B-00C04F79EFBC}") = "TankProj.Editor", "TankProj.Editor.csproj", "{A7C8BC6A-87DD-6294-ADC9-A85073F329F1}"
EndProject
Global
	GlobalSection(SolutionConfigurationPlatforms) = preSolution
		Debug|Any CPU = Debug|Any CPU
		Release|Any CPU = Release|Any CPU
	EndGlobalSection
	GlobalSection(ProjectConfigurationPlatforms) = postSolution
		{9FB18EDF-43E1-C041-AE11-041F951D5B73}.Debug|Any CPU.ActiveCfg = Debug|Any CPU
		{9FB18EDF-43E1-C041-AE11-041F951D5B73}.Debug|Any CPU.Build.0 = Debug|Any CPU
		{9FB18EDF-43E1-C041-AE11-041F951D5B73}.Release|Any CPU.ActiveCfg = Release|Any CPU
		{9FB18EDF-43E1-C041-AE11-041F951D5B73}.Release|Any CPU.Build.0 = Release|Any CPU
		{A7C8BC6A-87DD-6294-ADC9-A85073F329F1}.Debug|Any CPU.ActiveCfg = Debug|Any CPU
		{A7C8BC6A-87DD-6294-ADC9-A85073F329F1}.Debug|Any CPU.Build.0 = Debug|Any CPU
		{A7C8BC6A-87DD-6294-ADC9-A85073F329F1}.Release|Any CPU.ActiveCfg = Release|Any CPU
		{A7C8BC6A-87DD-6294-ADC9-A85073F329F1}.Release|Any CPU.Build.0 = Release|Any CPU
	EndGlobalSection
	GlobalSection(SolutionProperties) = preSolution
		HideSolutionNode = FALSE
	EndGlobalSection
EndGlobal
